// !$*UTF8*$!
{
	archiveVersion = 1;
	classes = {
	};
	objectVersion = 55;
	objects = {

/* Begin PBXBuildFile section */
		E597C2C827B165D70057146D /* AppDelegate.swift in Sources */ = {isa = PBXBuildFile; fileRef = E597C2C727B165D70057146D /* AppDelegate.swift */; };
		E597C2CA27B165D70057146D /* SceneDelegate.swift in Sources */ = {isa = PBXBuildFile; fileRef = E597C2C927B165D70057146D /* SceneDelegate.swift */; };
		E597C2CC27B165D70057146D /* AuthViewController.swift in Sources */ = {isa = PBXBuildFile; fileRef = E597C2CB27B165D70057146D /* AuthViewController.swift */; };
		E597C2D127B165D80057146D /* Assets.xcassets in Resources */ = {isa = PBXBuildFile; fileRef = E597C2D027B165D80057146D /* Assets.xcassets */; };
		E597C2D427B165D80057146D /* LaunchScreen.storyboard in Resources */ = {isa = PBXBuildFile; fileRef = E597C2D227B165D80057146D /* LaunchScreen.storyboard */; };
		E597C2DC27B256990057146D /* UIButton + Extension.swift in Sources */ = {isa = PBXBuildFile; fileRef = E597C2DB27B256990057146D /* UIButton + Extension.swift */; };
		E597C2DE27B2603D0057146D /* UIFont + Extension.swift in Sources */ = {isa = PBXBuildFile; fileRef = E597C2DD27B2603D0057146D /* UIFont + Extension.swift */; };
		E597C2E027B2611B0057146D /* UIColor + Extension.swift in Sources */ = {isa = PBXBuildFile; fileRef = E597C2DF27B2611B0057146D /* UIColor + Extension.swift */; };
		E597C2E227B263370057146D /* UILabel + Extension.swift in Sources */ = {isa = PBXBuildFile; fileRef = E597C2E127B263370057146D /* UILabel + Extension.swift */; };
		E597C2E427B264560057146D /* UIImageView + Extension.swift in Sources */ = {isa = PBXBuildFile; fileRef = E597C2E327B264560057146D /* UIImageView + Extension.swift */; };
		E597C2EA27B2DC300057146D /* ButtonFromView.swift in Sources */ = {isa = PBXBuildFile; fileRef = E597C2E927B2DC300057146D /* ButtonFromView.swift */; };
		E597C2EC27B2DEE20057146D /* UIStackView + Extension.swift in Sources */ = {isa = PBXBuildFile; fileRef = E597C2EB27B2DEE20057146D /* UIStackView + Extension.swift */; };
		E597C2EE27B2E60E0057146D /* SignUpViewController.swift in Sources */ = {isa = PBXBuildFile; fileRef = E597C2ED27B2E60E0057146D /* SignUpViewController.swift */; };
		E597C2F027B326070057146D /* OneLineTextField.swift in Sources */ = {isa = PBXBuildFile; fileRef = E597C2EF27B326070057146D /* OneLineTextField.swift */; };
		E597C2F227B3A6AC0057146D /* LoginViewController.swift in Sources */ = {isa = PBXBuildFile; fileRef = E597C2F127B3A6AC0057146D /* LoginViewController.swift */; };
		E597C2F427B3CE730057146D /* SetupProfileViewController.swift in Sources */ = {isa = PBXBuildFile; fileRef = E597C2F327B3CE730057146D /* SetupProfileViewController.swift */; };
		E597C2F627B3CF530057146D /* ChoosePhotoView.swift in Sources */ = {isa = PBXBuildFile; fileRef = E597C2F527B3CF530057146D /* ChoosePhotoView.swift */; };
		E597C2F827B3E5F90057146D /* UISegmentedControl + Extension.swift in Sources */ = {isa = PBXBuildFile; fileRef = E597C2F727B3E5F90057146D /* UISegmentedControl + Extension.swift */; };
		E597C2FB27B408820057146D /* MainTabBarController.swift in Sources */ = {isa = PBXBuildFile; fileRef = E597C2FA27B408820057146D /* MainTabBarController.swift */; };
		E597C2FD27B4090D0057146D /* ListViewController.swift in Sources */ = {isa = PBXBuildFile; fileRef = E597C2FC27B4090D0057146D /* ListViewController.swift */; };
		E597C2FF27B40EAE0057146D /* PeopleViewController.swift in Sources */ = {isa = PBXBuildFile; fileRef = E597C2FE27B40EAE0057146D /* PeopleViewController.swift */; };
		E597C30727B64BAF0057146D /* waitingChats.json in Resources */ = {isa = PBXBuildFile; fileRef = E597C30527B64BAF0057146D /* waitingChats.json */; };
		E597C30827B64BAF0057146D /* activeChats.json in Resources */ = {isa = PBXBuildFile; fileRef = E597C30627B64BAF0057146D /* activeChats.json */; };
		E597C30A27B64C0C0057146D /* Bundel + Extension.swift in Sources */ = {isa = PBXBuildFile; fileRef = E597C30927B64C0C0057146D /* Bundel + Extension.swift */; };
		E597C30E27BBA5BF0057146D /* ActiveChatsCell.swift in Sources */ = {isa = PBXBuildFile; fileRef = E597C30D27BBA5BF0057146D /* ActiveChatsCell.swift */; };
		E597C31027BBCBE40057146D /* WaitingChatsCell.swift in Sources */ = {isa = PBXBuildFile; fileRef = E597C30F27BBCBE40057146D /* WaitingChatsCell.swift */; };
		E597C31327BBDDDD0057146D /* GradientView.swift in Sources */ = {isa = PBXBuildFile; fileRef = E597C31227BBDDDD0057146D /* GradientView.swift */; };
		E597C31727BD2D6E0057146D /* HeaderSection.swift in Sources */ = {isa = PBXBuildFile; fileRef = E597C31627BD2D6E0057146D /* HeaderSection.swift */; };
		E597C31927BD348F0057146D /* SelfConfiguringCell.swift in Sources */ = {isa = PBXBuildFile; fileRef = E597C31827BD348F0057146D /* SelfConfiguringCell.swift */; };
		E597C31F27BD4B520057146D /* MUser.swift in Sources */ = {isa = PBXBuildFile; fileRef = E597C31E27BD4B520057146D /* MUser.swift */; };
		E597C32127BD4B580057146D /* MChat.swift in Sources */ = {isa = PBXBuildFile; fileRef = E597C32027BD4B580057146D /* MChat.swift */; };
		E597C32427BD4C710057146D /* users.json in Resources */ = {isa = PBXBuildFile; fileRef = E597C32327BD4C710057146D /* users.json */; };
		E597C32727BD561A0057146D /* UserCell.swift in Sources */ = {isa = PBXBuildFile; fileRef = E597C32627BD561A0057146D /* UserCell.swift */; };
		E597C32927BD5E510057146D /* UIViewController + Extension.swift in Sources */ = {isa = PBXBuildFile; fileRef = E597C32827BD5E510057146D /* UIViewController + Extension.swift */; };
/* End PBXBuildFile section */

/* Begin PBXFileReference section */
		E597C2C427B165D70057146D /* IChat.app */ = {isa = PBXFileReference; explicitFileType = wrapper.application; includeInIndex = 0; path = IChat.app; sourceTree = BUILT_PRODUCTS_DIR; };
		E597C2C727B165D70057146D /* AppDelegate.swift */ = {isa = PBXFileReference; lastKnownFileType = sourcecode.swift; path = AppDelegate.swift; sourceTree = "<group>"; };
		E597C2C927B165D70057146D /* SceneDelegate.swift */ = {isa = PBXFileReference; lastKnownFileType = sourcecode.swift; path = SceneDelegate.swift; sourceTree = "<group>"; };
		E597C2CB27B165D70057146D /* AuthViewController.swift */ = {isa = PBXFileReference; lastKnownFileType = sourcecode.swift; path = AuthViewController.swift; sourceTree = "<group>"; };
		E597C2D027B165D80057146D /* Assets.xcassets */ = {isa = PBXFileReference; lastKnownFileType = folder.assetcatalog; path = Assets.xcassets; sourceTree = "<group>"; };
		E597C2D327B165D80057146D /* Base */ = {isa = PBXFileReference; lastKnownFileType = file.storyboard; name = Base; path = Base.lproj/LaunchScreen.storyboard; sourceTree = "<group>"; };
		E597C2D527B165D80057146D /* Info.plist */ = {isa = PBXFileReference; lastKnownFileType = text.plist.xml; path = Info.plist; sourceTree = "<group>"; };
		E597C2DB27B256990057146D /* UIButton + Extension.swift */ = {isa = PBXFileReference; lastKnownFileType = sourcecode.swift; path = "UIButton + Extension.swift"; sourceTree = "<group>"; };
		E597C2DD27B2603D0057146D /* UIFont + Extension.swift */ = {isa = PBXFileReference; lastKnownFileType = sourcecode.swift; path = "UIFont + Extension.swift"; sourceTree = "<group>"; };
		E597C2DF27B2611B0057146D /* UIColor + Extension.swift */ = {isa = PBXFileReference; lastKnownFileType = sourcecode.swift; path = "UIColor + Extension.swift"; sourceTree = "<group>"; };
		E597C2E127B263370057146D /* UILabel + Extension.swift */ = {isa = PBXFileReference; lastKnownFileType = sourcecode.swift; path = "UILabel + Extension.swift"; sourceTree = "<group>"; };
		E597C2E327B264560057146D /* UIImageView + Extension.swift */ = {isa = PBXFileReference; lastKnownFileType = sourcecode.swift; path = "UIImageView + Extension.swift"; sourceTree = "<group>"; };
		E597C2E927B2DC300057146D /* ButtonFromView.swift */ = {isa = PBXFileReference; lastKnownFileType = sourcecode.swift; path = ButtonFromView.swift; sourceTree = "<group>"; };
		E597C2EB27B2DEE20057146D /* UIStackView + Extension.swift */ = {isa = PBXFileReference; lastKnownFileType = sourcecode.swift; path = "UIStackView + Extension.swift"; sourceTree = "<group>"; };
		E597C2ED27B2E60E0057146D /* SignUpViewController.swift */ = {isa = PBXFileReference; lastKnownFileType = sourcecode.swift; path = SignUpViewController.swift; sourceTree = "<group>"; };
		E597C2EF27B326070057146D /* OneLineTextField.swift */ = {isa = PBXFileReference; lastKnownFileType = sourcecode.swift; path = OneLineTextField.swift; sourceTree = "<group>"; };
		E597C2F127B3A6AC0057146D /* LoginViewController.swift */ = {isa = PBXFileReference; lastKnownFileType = sourcecode.swift; path = LoginViewController.swift; sourceTree = "<group>"; };
		E597C2F327B3CE730057146D /* SetupProfileViewController.swift */ = {isa = PBXFileReference; lastKnownFileType = sourcecode.swift; path = SetupProfileViewController.swift; sourceTree = "<group>"; };
		E597C2F527B3CF530057146D /* ChoosePhotoView.swift */ = {isa = PBXFileReference; lastKnownFileType = sourcecode.swift; path = ChoosePhotoView.swift; sourceTree = "<group>"; };
		E597C2F727B3E5F90057146D /* UISegmentedControl + Extension.swift */ = {isa = PBXFileReference; lastKnownFileType = sourcecode.swift; path = "UISegmentedControl + Extension.swift"; sourceTree = "<group>"; };
		E597C2FA27B408820057146D /* MainTabBarController.swift */ = {isa = PBXFileReference; lastKnownFileType = sourcecode.swift; path = MainTabBarController.swift; sourceTree = "<group>"; };
		E597C2FC27B4090D0057146D /* ListViewController.swift */ = {isa = PBXFileReference; lastKnownFileType = sourcecode.swift; path = ListViewController.swift; sourceTree = "<group>"; };
		E597C2FE27B40EAE0057146D /* PeopleViewController.swift */ = {isa = PBXFileReference; lastKnownFileType = sourcecode.swift; path = PeopleViewController.swift; sourceTree = "<group>"; };
		E597C30527B64BAF0057146D /* waitingChats.json */ = {isa = PBXFileReference; fileEncoding = 4; lastKnownFileType = text.json; path = waitingChats.json; sourceTree = "<group>"; };
		E597C30627B64BAF0057146D /* activeChats.json */ = {isa = PBXFileReference; fileEncoding = 4; lastKnownFileType = text.json; path = activeChats.json; sourceTree = "<group>"; };
		E597C30927B64C0C0057146D /* Bundel + Extension.swift */ = {isa = PBXFileReference; lastKnownFileType = sourcecode.swift; path = "Bundel + Extension.swift"; sourceTree = "<group>"; };
		E597C30D27BBA5BF0057146D /* ActiveChatsCell.swift */ = {isa = PBXFileReference; lastKnownFileType = sourcecode.swift; path = ActiveChatsCell.swift; sourceTree = "<group>"; };
		E597C30F27BBCBE40057146D /* WaitingChatsCell.swift */ = {isa = PBXFileReference; lastKnownFileType = sourcecode.swift; path = WaitingChatsCell.swift; sourceTree = "<group>"; };
		E597C31227BBDDDD0057146D /* GradientView.swift */ = {isa = PBXFileReference; lastKnownFileType = sourcecode.swift; path = GradientView.swift; sourceTree = "<group>"; };
		E597C31627BD2D6E0057146D /* HeaderSection.swift */ = {isa = PBXFileReference; lastKnownFileType = sourcecode.swift; path = HeaderSection.swift; sourceTree = "<group>"; };
		E597C31827BD348F0057146D /* SelfConfiguringCell.swift */ = {isa = PBXFileReference; lastKnownFileType = sourcecode.swift; path = SelfConfiguringCell.swift; sourceTree = "<group>"; };
		E597C31E27BD4B520057146D /* MUser.swift */ = {isa = PBXFileReference; lastKnownFileType = sourcecode.swift; path = MUser.swift; sourceTree = "<group>"; };
		E597C32027BD4B580057146D /* MChat.swift */ = {isa = PBXFileReference; lastKnownFileType = sourcecode.swift; path = MChat.swift; sourceTree = "<group>"; };
		E597C32327BD4C710057146D /* users.json */ = {isa = PBXFileReference; fileEncoding = 4; lastKnownFileType = text.json; path = users.json; sourceTree = "<group>"; };
		E597C32627BD561A0057146D /* UserCell.swift */ = {isa = PBXFileReference; lastKnownFileType = sourcecode.swift; path = UserCell.swift; sourceTree = "<group>"; };
		E597C32827BD5E510057146D /* UIViewController + Extension.swift */ = {isa = PBXFileReference; lastKnownFileType = sourcecode.swift; path = "UIViewController + Extension.swift"; sourceTree = "<group>"; };
/* End PBXFileReference section */

/* Begin PBXFrameworksBuildPhase section */
		E597C2C127B165D70057146D /* Frameworks */ = {
			isa = PBXFrameworksBuildPhase;
			buildActionMask = 2147483647;
			files = (
			);
			runOnlyForDeploymentPostprocessing = 0;
		};
/* End PBXFrameworksBuildPhase section */

/* Begin PBXGroup section */
		E597C2BB27B165D70057146D = {
			isa = PBXGroup;
			children = (
				E597C2C627B165D70057146D /* IChat */,
				E597C2C527B165D70057146D /* Products */,
			);
			sourceTree = "<group>";
		};
		E597C2C527B165D70057146D /* Products */ = {
			isa = PBXGroup;
			children = (
				E597C2C427B165D70057146D /* IChat.app */,
			);
			name = Products;
			sourceTree = "<group>";
		};
		E597C2C627B165D70057146D /* IChat */ = {
			isa = PBXGroup;
			children = (
				E597C2C727B165D70057146D /* AppDelegate.swift */,
				E597C2C927B165D70057146D /* SceneDelegate.swift */,
				E597C32227BD4C0D0057146D /* Models */,
				E597C31A27BD34BD0057146D /* Protocol */,
				E597C30027B40EEA0057146D /* Controllers */,
				E597C2F927B407660057146D /* SignIn&Auth */,
				E597C2E627B2DB8E0057146D /* Extension */,
				E597C2D027B165D80057146D /* Assets.xcassets */,
				E597C2D227B165D80057146D /* LaunchScreen.storyboard */,
				E597C2D527B165D80057146D /* Info.plist */,
			);
			path = IChat;
			sourceTree = "<group>";
		};
		E597C2E527B2DB840057146D /* UIKit */ = {
			isa = PBXGroup;
			children = (
				E597C30927B64C0C0057146D /* Bundel + Extension.swift */,
				E597C2DF27B2611B0057146D /* UIColor + Extension.swift */,
				E597C2EB27B2DEE20057146D /* UIStackView + Extension.swift */,
				E597C2F727B3E5F90057146D /* UISegmentedControl + Extension.swift */,
				E597C2DD27B2603D0057146D /* UIFont + Extension.swift */,
				E597C2E327B264560057146D /* UIImageView + Extension.swift */,
				E597C32827BD5E510057146D /* UIViewController + Extension.swift */,
				E597C2DB27B256990057146D /* UIButton + Extension.swift */,
				E597C2E127B263370057146D /* UILabel + Extension.swift */,
				E597C32327BD4C710057146D /* users.json */,
				E597C30627B64BAF0057146D /* activeChats.json */,
				E597C30527B64BAF0057146D /* waitingChats.json */,
			);
			path = UIKit;
			sourceTree = "<group>";
		};
		E597C2E627B2DB8E0057146D /* Extension */ = {
			isa = PBXGroup;
			children = (
				E597C2E927B2DC300057146D /* ButtonFromView.swift */,
				E597C2F527B3CF530057146D /* ChoosePhotoView.swift */,
				E597C2EF27B326070057146D /* OneLineTextField.swift */,
				E597C31227BBDDDD0057146D /* GradientView.swift */,
				E597C2E527B2DB840057146D /* UIKit */,
			);
			path = Extension;
			sourceTree = "<group>";
		};
		E597C2F927B407660057146D /* SignIn&Auth */ = {
			isa = PBXGroup;
			children = (
				E597C2CB27B165D70057146D /* AuthViewController.swift */,
				E597C2ED27B2E60E0057146D /* SignUpViewController.swift */,
				E597C2F127B3A6AC0057146D /* LoginViewController.swift */,
				E597C2F327B3CE730057146D /* SetupProfileViewController.swift */,
			);
			path = "SignIn&Auth";
			sourceTree = "<group>";
		};
		E597C30027B40EEA0057146D /* Controllers */ = {
			isa = PBXGroup;
			children = (
				E597C31D27BD4B050057146D /* Header */,
				E597C2FA27B408820057146D /* MainTabBarController.swift */,
				E597C31B27BD38200057146D /* ListViewController */,
				E597C31C27BD38500057146D /* PeopleViewController */,
			);
			path = Controllers;
			sourceTree = "<group>";
		};
		E597C31127BBD14B0057146D /* Cell */ = {
			isa = PBXGroup;
			children = (
				E597C30D27BBA5BF0057146D /* ActiveChatsCell.swift */,
				E597C30F27BBCBE40057146D /* WaitingChatsCell.swift */,
			);
			path = Cell;
			sourceTree = "<group>";
		};
		E597C31A27BD34BD0057146D /* Protocol */ = {
			isa = PBXGroup;
			children = (
				E597C31827BD348F0057146D /* SelfConfiguringCell.swift */,
			);
			path = Protocol;
			sourceTree = "<group>";
		};
		E597C31B27BD38200057146D /* ListViewController */ = {
			isa = PBXGroup;
			children = (
				E597C31127BBD14B0057146D /* Cell */,
				E597C2FC27B4090D0057146D /* ListViewController.swift */,
			);
			path = ListViewController;
			sourceTree = "<group>";
		};
		E597C31C27BD38500057146D /* PeopleViewController */ = {
			isa = PBXGroup;
			children = (
				E597C32527BD560E0057146D /* Cell */,
				E597C2FE27B40EAE0057146D /* PeopleViewController.swift */,
			);
			path = PeopleViewController;
			sourceTree = "<group>";
		};
		E597C31D27BD4B050057146D /* Header */ = {
			isa = PBXGroup;
			children = (
				E597C31627BD2D6E0057146D /* HeaderSection.swift */,
			);
			path = Header;
			sourceTree = "<group>";
		};
		E597C32227BD4C0D0057146D /* Models */ = {
			isa = PBXGroup;
			children = (
				E597C31E27BD4B520057146D /* MUser.swift */,
				E597C32027BD4B580057146D /* MChat.swift */,
			);
			path = Models;
			sourceTree = "<group>";
		};
		E597C32527BD560E0057146D /* Cell */ = {
			isa = PBXGroup;
			children = (
				E597C32627BD561A0057146D /* UserCell.swift */,
			);
			path = Cell;
			sourceTree = "<group>";
		};
/* End PBXGroup section */

/* Begin PBXNativeTarget section */
		E597C2C327B165D70057146D /* IChat */ = {
			isa = PBXNativeTarget;
			buildConfigurationList = E597C2D827B165D80057146D /* Build configuration list for PBXNativeTarget "IChat" */;
			buildPhases = (
				E597C2C027B165D70057146D /* Sources */,
				E597C2C127B165D70057146D /* Frameworks */,
				E597C2C227B165D70057146D /* Resources */,
			);
			buildRules = (
			);
			dependencies = (
			);
			name = IChat;
			productName = IChat;
			productReference = E597C2C427B165D70057146D /* IChat.app */;
			productType = "com.apple.product-type.application";
		};
/* End PBXNativeTarget section */

/* Begin PBXProject section */
		E597C2BC27B165D70057146D /* Project object */ = {
			isa = PBXProject;
			attributes = {
				BuildIndependentTargetsInParallel = 1;
				LastSwiftUpdateCheck = 1320;
				LastUpgradeCheck = 1320;
				TargetAttributes = {
					E597C2C327B165D70057146D = {
						CreatedOnToolsVersion = 13.2.1;
					};
				};
			};
			buildConfigurationList = E597C2BF27B165D70057146D /* Build configuration list for PBXProject "IChat" */;
			compatibilityVersion = "Xcode 13.0";
			developmentRegion = en;
			hasScannedForEncodings = 0;
			knownRegions = (
				en,
				Base,
			);
			mainGroup = E597C2BB27B165D70057146D;
			productRefGroup = E597C2C527B165D70057146D /* Products */;
			projectDirPath = "";
			projectRoot = "";
			targets = (
				E597C2C327B165D70057146D /* IChat */,
			);
		};
/* End PBXProject section */

/* Begin PBXResourcesBuildPhase section */
		E597C2C227B165D70057146D /* Resources */ = {
			isa = PBXResourcesBuildPhase;
			buildActionMask = 2147483647;
			files = (
				E597C32427BD4C710057146D /* users.json in Resources */,
				E597C30727B64BAF0057146D /* waitingChats.json in Resources */,
				E597C2D427B165D80057146D /* LaunchScreen.storyboard in Resources */,
				E597C2D127B165D80057146D /* Assets.xcassets in Resources */,
				E597C30827B64BAF0057146D /* activeChats.json in Resources */,
			);
			runOnlyForDeploymentPostprocessing = 0;
		};
/* End PBXResourcesBuildPhase section */

/* Begin PBXSourcesBuildPhase section */
		E597C2C027B165D70057146D /* Sources */ = {
			isa = PBXSourcesBuildPhase;
			buildActionMask = 2147483647;
			files = (
				E597C32127BD4B580057146D /* MChat.swift in Sources */,
				E597C2DE27B2603D0057146D /* UIFont + Extension.swift in Sources */,
				E597C31327BBDDDD0057146D /* GradientView.swift in Sources */,
				E597C31927BD348F0057146D /* SelfConfiguringCell.swift in Sources */,
				E597C2CC27B165D70057146D /* AuthViewController.swift in Sources */,
				E597C2F827B3E5F90057146D /* UISegmentedControl + Extension.swift in Sources */,
				E597C2F627B3CF530057146D /* ChoosePhotoView.swift in Sources */,
				E597C2C827B165D70057146D /* AppDelegate.swift in Sources */,
				E597C31F27BD4B520057146D /* MUser.swift in Sources */,
				E597C30A27B64C0C0057146D /* Bundel + Extension.swift in Sources */,
				E597C2FF27B40EAE0057146D /* PeopleViewController.swift in Sources */,
				E597C2E227B263370057146D /* UILabel + Extension.swift in Sources */,
				E597C2F427B3CE730057146D /* SetupProfileViewController.swift in Sources */,
				E597C2EA27B2DC300057146D /* ButtonFromView.swift in Sources */,
				E597C2E427B264560057146D /* UIImageView + Extension.swift in Sources */,
				E597C2E027B2611B0057146D /* UIColor + Extension.swift in Sources */,
				E597C2CA27B165D70057146D /* SceneDelegate.swift in Sources */,
				E597C2DC27B256990057146D /* UIButton + Extension.swift in Sources */,
				E597C2EE27B2E60E0057146D /* SignUpViewController.swift in Sources */,
				E597C2F027B326070057146D /* OneLineTextField.swift in Sources */,
				E597C32727BD561A0057146D /* UserCell.swift in Sources */,
				E597C2FD27B4090D0057146D /* ListViewController.swift in Sources */,
				E597C31027BBCBE40057146D /* WaitingChatsCell.swift in Sources */,
				E597C30E27BBA5BF0057146D /* ActiveChatsCell.swift in Sources */,
				E597C31727BD2D6E0057146D /* HeaderSection.swift in Sources */,
				E597C2F227B3A6AC0057146D /* LoginViewController.swift in Sources */,
				E597C2EC27B2DEE20057146D /* UIStackView + Extension.swift in Sources */,
				E597C2FB27B408820057146D /* MainTabBarController.swift in Sources */,
				E597C32927BD5E510057146D /* UIViewController + Extension.swift in Sources */,
			);
			runOnlyForDeploymentPostprocessing = 0;
		};
/* End PBXSourcesBuildPhase section */

/* Begin PBXVariantGroup section */
		E597C2D227B165D80057146D /* LaunchScreen.storyboard */ = {
			isa = PBXVariantGroup;
			children = (
				E597C2D327B165D80057146D /* Base */,
			);
			name = LaunchScreen.storyboard;
			sourceTree = "<group>";
		};
/* End PBXVariantGroup section */

/* Begin XCBuildConfiguration section */
		E597C2D627B165D80057146D /* Debug */ = {
			isa = XCBuildConfiguration;
			buildSettings = {
				ALWAYS_SEARCH_USER_PATHS = NO;
				CLANG_ANALYZER_NONNULL = YES;
				CLANG_ANALYZER_NUMBER_OBJECT_CONVERSION = YES_AGGRESSIVE;
				CLANG_CXX_LANGUAGE_STANDARD = "gnu++17";
				CLANG_CXX_LIBRARY = "libc++";
				CLANG_ENABLE_MODULES = YES;
				CLANG_ENABLE_OBJC_ARC = YES;
				CLANG_ENABLE_OBJC_WEAK = YES;
				CLANG_WARN_BLOCK_CAPTURE_AUTORELEASING = YES;
				CLANG_WARN_BOOL_CONVERSION = YES;
				CLANG_WARN_COMMA = YES;
				CLANG_WARN_CONSTANT_CONVERSION = YES;
				CLANG_WARN_DEPRECATED_OBJC_IMPLEMENTATIONS = YES;
				CLANG_WARN_DIRECT_OBJC_ISA_USAGE = YES_ERROR;
				CLANG_WARN_DOCUMENTATION_COMMENTS = YES;
				CLANG_WARN_EMPTY_BODY = YES;
				CLANG_WARN_ENUM_CONVERSION = YES;
				CLANG_WARN_INFINITE_RECURSION = YES;
				CLANG_WARN_INT_CONVERSION = YES;
				CLANG_WARN_NON_LITERAL_NULL_CONVERSION = YES;
				CLANG_WARN_OBJC_IMPLICIT_RETAIN_SELF = YES;
				CLANG_WARN_OBJC_LITERAL_CONVERSION = YES;
				CLANG_WARN_OBJC_ROOT_CLASS = YES_ERROR;
				CLANG_WARN_QUOTED_INCLUDE_IN_FRAMEWORK_HEADER = YES;
				CLANG_WARN_RANGE_LOOP_ANALYSIS = YES;
				CLANG_WARN_STRICT_PROTOTYPES = YES;
				CLANG_WARN_SUSPICIOUS_MOVE = YES;
				CLANG_WARN_UNGUARDED_AVAILABILITY = YES_AGGRESSIVE;
				CLANG_WARN_UNREACHABLE_CODE = YES;
				CLANG_WARN__DUPLICATE_METHOD_MATCH = YES;
				COPY_PHASE_STRIP = NO;
				DEBUG_INFORMATION_FORMAT = dwarf;
				ENABLE_STRICT_OBJC_MSGSEND = YES;
				ENABLE_TESTABILITY = YES;
				GCC_C_LANGUAGE_STANDARD = gnu11;
				GCC_DYNAMIC_NO_PIC = NO;
				GCC_NO_COMMON_BLOCKS = YES;
				GCC_OPTIMIZATION_LEVEL = 0;
				GCC_PREPROCESSOR_DEFINITIONS = (
					"DEBUG=1",
					"$(inherited)",
				);
				GCC_WARN_64_TO_32_BIT_CONVERSION = YES;
				GCC_WARN_ABOUT_RETURN_TYPE = YES_ERROR;
				GCC_WARN_UNDECLARED_SELECTOR = YES;
				GCC_WARN_UNINITIALIZED_AUTOS = YES_AGGRESSIVE;
				GCC_WARN_UNUSED_FUNCTION = YES;
				GCC_WARN_UNUSED_VARIABLE = YES;
				IPHONEOS_DEPLOYMENT_TARGET = 15.2;
				MTL_ENABLE_DEBUG_INFO = INCLUDE_SOURCE;
				MTL_FAST_MATH = YES;
				ONLY_ACTIVE_ARCH = YES;
				SDKROOT = iphoneos;
				SWIFT_ACTIVE_COMPILATION_CONDITIONS = DEBUG;
				SWIFT_OPTIMIZATION_LEVEL = "-Onone";
			};
			name = Debug;
		};
		E597C2D727B165D80057146D /* Release */ = {
			isa = XCBuildConfiguration;
			buildSettings = {
				ALWAYS_SEARCH_USER_PATHS = NO;
				CLANG_ANALYZER_NONNULL = YES;
				CLANG_ANALYZER_NUMBER_OBJECT_CONVERSION = YES_AGGRESSIVE;
				CLANG_CXX_LANGUAGE_STANDARD = "gnu++17";
				CLANG_CXX_LIBRARY = "libc++";
				CLANG_ENABLE_MODULES = YES;
				CLANG_ENABLE_OBJC_ARC = YES;
				CLANG_ENABLE_OBJC_WEAK = YES;
				CLANG_WARN_BLOCK_CAPTURE_AUTORELEASING = YES;
				CLANG_WARN_BOOL_CONVERSION = YES;
				CLANG_WARN_COMMA = YES;
				CLANG_WARN_CONSTANT_CONVERSION = YES;
				CLANG_WARN_DEPRECATED_OBJC_IMPLEMENTATIONS = YES;
				CLANG_WARN_DIRECT_OBJC_ISA_USAGE = YES_ERROR;
				CLANG_WARN_DOCUMENTATION_COMMENTS = YES;
				CLANG_WARN_EMPTY_BODY = YES;
				CLANG_WARN_ENUM_CONVERSION = YES;
				CLANG_WARN_INFINITE_RECURSION = YES;
				CLANG_WARN_INT_CONVERSION = YES;
				CLANG_WARN_NON_LITERAL_NULL_CONVERSION = YES;
				CLANG_WARN_OBJC_IMPLICIT_RETAIN_SELF = YES;
				CLANG_WARN_OBJC_LITERAL_CONVERSION = YES;
				CLANG_WARN_OBJC_ROOT_CLASS = YES_ERROR;
				CLANG_WARN_QUOTED_INCLUDE_IN_FRAMEWORK_HEADER = YES;
				CLANG_WARN_RANGE_LOOP_ANALYSIS = YES;
				CLANG_WARN_STRICT_PROTOTYPES = YES;
				CLANG_WARN_SUSPICIOUS_MOVE = YES;
				CLANG_WARN_UNGUARDED_AVAILABILITY = YES_AGGRESSIVE;
				CLANG_WARN_UNREACHABLE_CODE = YES;
				CLANG_WARN__DUPLICATE_METHOD_MATCH = YES;
				COPY_PHASE_STRIP = NO;
				DEBUG_INFORMATION_FORMAT = "dwarf-with-dsym";
				ENABLE_NS_ASSERTIONS = NO;
				ENABLE_STRICT_OBJC_MSGSEND = YES;
				GCC_C_LANGUAGE_STANDARD = gnu11;
				GCC_NO_COMMON_BLOCKS = YES;
				GCC_WARN_64_TO_32_BIT_CONVERSION = YES;
				GCC_WARN_ABOUT_RETURN_TYPE = YES_ERROR;
				GCC_WARN_UNDECLARED_SELECTOR = YES;
				GCC_WARN_UNINITIALIZED_AUTOS = YES_AGGRESSIVE;
				GCC_WARN_UNUSED_FUNCTION = YES;
				GCC_WARN_UNUSED_VARIABLE = YES;
				IPHONEOS_DEPLOYMENT_TARGET = 15.2;
				MTL_ENABLE_DEBUG_INFO = NO;
				MTL_FAST_MATH = YES;
				SDKROOT = iphoneos;
				SWIFT_COMPILATION_MODE = wholemodule;
				SWIFT_OPTIMIZATION_LEVEL = "-O";
				VALIDATE_PRODUCT = YES;
			};
			name = Release;
		};
		E597C2D927B165D80057146D /* Debug */ = {
			isa = XCBuildConfiguration;
			buildSettings = {
				ASSETCATALOG_COMPILER_APPICON_NAME = AppIcon;
				ASSETCATALOG_COMPILER_GLOBAL_ACCENT_COLOR_NAME = AccentColor;
				CODE_SIGN_STYLE = Automatic;
				CURRENT_PROJECT_VERSION = 1;
				DEVELOPMENT_TEAM = 6646H966Z4;
				GENERATE_INFOPLIST_FILE = YES;
				INFOPLIST_FILE = IChat/Info.plist;
				INFOPLIST_KEY_UIApplicationSupportsIndirectInputEvents = YES;
				INFOPLIST_KEY_UILaunchStoryboardName = LaunchScreen;
				INFOPLIST_KEY_UISupportedInterfaceOrientations = UIInterfaceOrientationPortrait;
				INFOPLIST_KEY_UISupportedInterfaceOrientations_iPad = "UIInterfaceOrientationPortrait UIInterfaceOrientationPortraitUpsideDown UIInterfaceOrientationLandscapeLeft UIInterfaceOrientationLandscapeRight";
				INFOPLIST_KEY_UISupportedInterfaceOrientations_iPhone = "UIInterfaceOrientationPortrait UIInterfaceOrientationLandscapeLeft UIInterfaceOrientationLandscapeRight";
				LD_RUNPATH_SEARCH_PATHS = (
					"$(inherited)",
					"@executable_path/Frameworks",
				);
				MARKETING_VERSION = 1.0;
				PRODUCT_BUNDLE_IDENTIFIER = My.IChat;
				PRODUCT_NAME = "$(TARGET_NAME)";
				SWIFT_EMIT_LOC_STRINGS = YES;
				SWIFT_VERSION = 5.0;
				TARGETED_DEVICE_FAMILY = 1;
			};
			name = Debug;
		};
		E597C2DA27B165D80057146D /* Release */ = {
			isa = XCBuildConfiguration;
			buildSettings = {
				ASSETCATALOG_COMPILER_APPICON_NAME = AppIcon;
				ASSETCATALOG_COMPILER_GLOBAL_ACCENT_COLOR_NAME = AccentColor;
				CODE_SIGN_STYLE = Automatic;
				CURRENT_PROJECT_VERSION = 1;
				DEVELOPMENT_TEAM = 6646H966Z4;
				GENERATE_INFOPLIST_FILE = YES;
				INFOPLIST_FILE = IChat/Info.plist;
				INFOPLIST_KEY_UIApplicationSupportsIndirectInputEvents = YES;
				INFOPLIST_KEY_UILaunchStoryboardName = LaunchScreen;
				INFOPLIST_KEY_UISupportedInterfaceOrientations = UIInterfaceOrientationPortrait;
				INFOPLIST_KEY_UISupportedInterfaceOrientations_iPad = "UIInterfaceOrientationPortrait UIInterfaceOrientationPortraitUpsideDown UIInterfaceOrientationLandscapeLeft UIInterfaceOrientationLandscapeRight";
				INFOPLIST_KEY_UISupportedInterfaceOrientations_iPhone = "UIInterfaceOrientationPortrait UIInterfaceOrientationLandscapeLeft UIInterfaceOrientationLandscapeRight";
				LD_RUNPATH_SEARCH_PATHS = (
					"$(inherited)",
					"@executable_path/Frameworks",
				);
				MARKETING_VERSION = 1.0;
				PRODUCT_BUNDLE_IDENTIFIER = My.IChat;
				PRODUCT_NAME = "$(TARGET_NAME)";
				SWIFT_EMIT_LOC_STRINGS = YES;
				SWIFT_VERSION = 5.0;
				TARGETED_DEVICE_FAMILY = 1;
			};
			name = Release;
		};
/* End XCBuildConfiguration section */

/* Begin XCConfigurationList section */
		E597C2BF27B165D70057146D /* Build configuration list for PBXProject "IChat" */ = {
			isa = XCConfigurationList;
			buildConfigurations = (
				E597C2D627B165D80057146D /* Debug */,
				E597C2D727B165D80057146D /* Release */,
			);
			defaultConfigurationIsVisible = 0;
			defaultConfigurationName = Release;
		};
		E597C2D827B165D80057146D /* Build configuration list for PBXNativeTarget "IChat" */ = {
			isa = XCConfigurationList;
			buildConfigurations = (
				E597C2D927B165D80057146D /* Debug */,
				E597C2DA27B165D80057146D /* Release */,
			);
			defaultConfigurationIsVisible = 0;
			defaultConfigurationName = Release;
		};
/* End XCConfigurationList section */
	};
	rootObject = E597C2BC27B165D70057146D /* Project object */;
}
